# This file is automatically @generated by Cargo.
# It is not intended for manual editing.
version = 3

[[package]]
name = "libc"
version = "0.2.152"
source = "registry+https://github.com/rust-lang/crates.io-index"
checksum = "13e3bf6590cbc649f4d1a3eefc9d5d6eb746f5200ffb04e5e142700b8faa56e7"

[[package]]
name = "vonneumann"
version = "1.0.0"
dependencies = [
 "libc",
 "winapi",
]

[[package]]
name = "winapi"
version = "0.3.3"
source = "registry+https://github.com/rust-lang/crates.io-index"
checksum = "b09fb3b6f248ea4cd42c9a65113a847d612e17505d6ebd1f7357ad68a8bf8693"
dependencies = [
 "winapi-i686-pc-windows-gnu",
 "winapi-x86_64-pc-windows-gnu",
]

[[package]]
name = "winapi-i686-pc-windows-gnu"
version = "0.3.2"
source = "registry+https://github.com/rust-lang/crates.io-index"
checksum = "ec6667f60c23eca65c561e63a13d81b44234c2e38a6b6c959025ee907ec614cc"

[[package]]
name = "winapi-x86_64-pc-windows-gnu"
version = "0.3.2"
source = "registry+https://github.com/rust-lang/crates.io-index"
checksum = "98f12c52b2630cd05d2c3ffd8e008f7f48252c042b4871c72aed9dc733b96668"
